
Microsoft Visual Studio Solution File, Format Version 12.00
# Visual Studio Version 16
VisualStudioVersion = 16.0.31410.357
MinimumVisualStudioVersion = 10.0.40219.1
Project("{FAE04EC0-301F-11D3-BF4B-00C04F79EFBC}") = "BlazorEmployeeManagement", "BlazorEmployeeManagement\BlazorEmployeeManagement.csproj", "{23DE8E6B-E3E4-443F-9583-EACE68B3DBB9}"
EndProject
Global
	GlobalSection(SolutionConfigurationPlatforms) = preSolution
		Debug|Any CPU = Debug|Any CPU
		Release|Any CPU = Release|Any CPU
	EndGlobalSection
	GlobalSection(ProjectConfigurationPlatforms) = postSolution
		{23DE8E6B-E3E4-443F-9583-EACE68B3DBB9}.Debug|Any CPU.ActiveCfg = Debug|Any CPU
		{23DE8E6B-E3E4-443F-9583-EACE68B3DBB9}.Debug|Any CPU.Build.0 = Debug|Any CPU
		{23DE8E6B-E3E4-443F-9583-EACE68B3DBB9}.Release|Any CPU.ActiveCfg = Release|Any CPU
		{23DE8E6B-E3E4-443F-9583-EACE68B3DBB9}.Release|Any CPU.Build.0 = Release|Any CPU
	EndGlobalSection
	GlobalSection(SolutionProperties) = preSolution
		HideSolutionNode = FALSE
	EndGlobalSection
	GlobalSection(ExtensibilityGlobals) = postSolution
		SolutionGuid = {B3E5AAE7-D4E4-4854-BD26-93B3CF4583A6}
	EndGlobalSection
EndGlobal
